// !$*UTF8*$!
{
	archiveVersion = 1;
	classes = {
	};
	objectVersion = 46;
	objects = {

/* Begin PBXBuildFile section */
		DA03A6B71BD7D2C300D40687 /* main.swift in Sources */ = {isa = PBXBuildFile; fileRef = DA03A6B61BD7D2C300D40687 /* main.swift */; };
		DA03A6CC1BD7D3F900D40687 /* AnyInSwift.swift in Sources */ = {isa = PBXBuildFile; fileRef = DA03A6BD1BD7D3F900D40687 /* AnyInSwift.swift */; settings = {ASSET_TAGS = (); }; };
		DA03A6CD1BD7D3F900D40687 /* AssociatedType.swift in Sources */ = {isa = PBXBuildFile; fileRef = DA03A6BE1BD7D3F900D40687 /* AssociatedType.swift */; settings = {ASSET_TAGS = (); }; };
		DA03A6CE1BD7D3F900D40687 /* Chain.swift in Sources */ = {isa = PBXBuildFile; fileRef = DA03A6BF1BD7D3F900D40687 /* Chain.swift */; settings = {ASSET_TAGS = (); }; };
		DA03A6CF1BD7D3F900D40687 /* ClassCast.swift in Sources */ = {isa = PBXBuildFile; fileRef = DA03A6C01BD7D3F900D40687 /* ClassCast.swift */; settings = {ASSET_TAGS = (); }; };
		DA03A6D01BD7D3F900D40687 /* ClassConstructor.swift in Sources */ = {isa = PBXBuildFile; fileRef = DA03A6C11BD7D3F900D40687 /* ClassConstructor.swift */; settings = {ASSET_TAGS = (); }; };
		DA03A6D11BD7D3F900D40687 /* ClassExtend.swift in Sources */ = {isa = PBXBuildFile; fileRef = DA03A6C21BD7D3F900D40687 /* ClassExtend.swift */; settings = {ASSET_TAGS = (); }; };
		DA03A6D21BD7D3F900D40687 /* ExtensionSwift.swift in Sources */ = {isa = PBXBuildFile; fileRef = DA03A6C31BD7D3F900D40687 /* ExtensionSwift.swift */; settings = {ASSET_TAGS = (); }; };
		DA03A6D31BD7D3F900D40687 /* FieldOfSetGet.swift in Sources */ = {isa = PBXBuildFile; fileRef = DA03A6C41BD7D3F900D40687 /* FieldOfSetGet.swift */; settings = {ASSET_TAGS = (); }; };
		DA03A6D41BD7D3F900D40687 /* File.swift in Sources */ = {isa = PBXBuildFile; fileRef = DA03A6C51BD7D3F900D40687 /* File.swift */; settings = {ASSET_TAGS = (); }; };
		DA03A6D51BD7D3F900D40687 /* InnerClass.swift in Sources */ = {isa = PBXBuildFile; fileRef = DA03A6C61BD7D3F900D40687 /* InnerClass.swift */; settings = {ASSET_TAGS = (); }; };
		DA03A6D61BD7D3F900D40687 /* Protocal.swift in Sources */ = {isa = PBXBuildFile; fileRef = DA03A6C71BD7D3F900D40687 /* Protocal.swift */; settings = {ASSET_TAGS = (); }; };
		DA03A6D71BD7D3F900D40687 /* Reference.swift in Sources */ = {isa = PBXBuildFile; fileRef = DA03A6C81BD7D3F900D40687 /* Reference.swift */; settings = {ASSET_TAGS = (); }; };
		DA03A6D81BD7D3F900D40687 /* StructMutiating.swift in Sources */ = {isa = PBXBuildFile; fileRef = DA03A6C91BD7D3F900D40687 /* StructMutiating.swift */; settings = {ASSET_TAGS = (); }; };
		DA03A6D91BD7D3F900D40687 /* SwiftObject.swift in Sources */ = {isa = PBXBuildFile; fileRef = DA03A6CA1BD7D3F900D40687 /* SwiftObject.swift */; settings = {ASSET_TAGS = (); }; };
		DA03A6DA1BD7D3F900D40687 /* TypeConstraint.swift in Sources */ = {isa = PBXBuildFile; fileRef = DA03A6CB1BD7D3F900D40687 /* TypeConstraint.swift */; settings = {ASSET_TAGS = (); }; };
/* End PBXBuildFile section */

/* Begin PBXCopyFilesBuildPhase section */
		DA03A6B11BD7D2C300D40687 /* CopyFiles */ = {
			isa = PBXCopyFilesBuildPhase;
			buildActionMask = 2147483647;
			dstPath = /usr/share/man/man1/;
			dstSubfolderSpec = 0;
			files = (
			);
			runOnlyForDeploymentPostprocessing = 1;
		};
/* End PBXCopyFilesBuildPhase section */

/* Begin PBXFileReference section */
		DA03A6B31BD7D2C300D40687 /* hope-swift-note */ = {isa = PBXFileReference; explicitFileType = "compiled.mach-o.executable"; includeInIndex = 0; path = "hope-swift-note"; sourceTree = BUILT_PRODUCTS_DIR; };
		DA03A6B61BD7D2C300D40687 /* main.swift */ = {isa = PBXFileReference; lastKnownFileType = sourcecode.swift; path = main.swift; sourceTree = "<group>"; };
		DA03A6BD1BD7D3F900D40687 /* AnyInSwift.swift */ = {isa = PBXFileReference; fileEncoding = 4; lastKnownFileType = sourcecode.swift; path = AnyInSwift.swift; sourceTree = "<group>"; };
		DA03A6BE1BD7D3F900D40687 /* AssociatedType.swift */ = {isa = PBXFileReference; fileEncoding = 4; lastKnownFileType = sourcecode.swift; path = AssociatedType.swift; sourceTree = "<group>"; };
		DA03A6BF1BD7D3F900D40687 /* Chain.swift */ = {isa = PBXFileReference; fileEncoding = 4; lastKnownFileType = sourcecode.swift; path = Chain.swift; sourceTree = "<group>"; };
		DA03A6C01BD7D3F900D40687 /* ClassCast.swift */ = {isa = PBXFileReference; fileEncoding = 4; lastKnownFileType = sourcecode.swift; path = ClassCast.swift; sourceTree = "<group>"; };
		DA03A6C11BD7D3F900D40687 /* ClassConstructor.swift */ = {isa = PBXFileReference; fileEncoding = 4; lastKnownFileType = sourcecode.swift; path = ClassConstructor.swift; sourceTree = "<group>"; };
		DA03A6C21BD7D3F900D40687 /* ClassExtend.swift */ = {isa = PBXFileReference; fileEncoding = 4; lastKnownFileType = sourcecode.swift; path = ClassExtend.swift; sourceTree = "<group>"; };
		DA03A6C31BD7D3F900D40687 /* ExtensionSwift.swift */ = {isa = PBXFileReference; fileEncoding = 4; lastKnownFileType = sourcecode.swift; path = ExtensionSwift.swift; sourceTree = "<group>"; };
		DA03A6C41BD7D3F900D40687 /* FieldOfSetGet.swift */ = {isa = PBXFileReference; fileEncoding = 4; lastKnownFileType = sourcecode.swift; path = FieldOfSetGet.swift; sourceTree = "<group>"; };
		DA03A6C51BD7D3F900D40687 /* File.swift */ = {isa = PBXFileReference; fileEncoding = 4; lastKnownFileType = sourcecode.swift; path = File.swift; sourceTree = "<group>"; };
		DA03A6C61BD7D3F900D40687 /* InnerClass.swift */ = {isa = PBXFileReference; fileEncoding = 4; lastKnownFileType = sourcecode.swift; path = InnerClass.swift; sourceTree = "<group>"; };
		DA03A6C71BD7D3F900D40687 /* Protocal.swift */ = {isa = PBXFileReference; fileEncoding = 4; lastKnownFileType = sourcecode.swift; path = Protocal.swift; sourceTree = "<group>"; };
		DA03A6C81BD7D3F900D40687 /* Reference.swift */ = {isa = PBXFileReference; fileEncoding = 4; lastKnownFileType = sourcecode.swift; path = Reference.swift; sourceTree = "<group>"; };
		DA03A6C91BD7D3F900D40687 /* StructMutiating.swift */ = {isa = PBXFileReference; fileEncoding = 4; lastKnownFileType = sourcecode.swift; path = StructMutiating.swift; sourceTree = "<group>"; };
		DA03A6CA1BD7D3F900D40687 /* SwiftObject.swift */ = {isa = PBXFileReference; fileEncoding = 4; lastKnownFileType = sourcecode.swift; path = SwiftObject.swift; sourceTree = "<group>"; };
		DA03A6CB1BD7D3F900D40687 /* TypeConstraint.swift */ = {isa = PBXFileReference; fileEncoding = 4; lastKnownFileType = sourcecode.swift; path = TypeConstraint.swift; sourceTree = "<group>"; };
/* End PBXFileReference section */

/* Begin PBXFrameworksBuildPhase section */
		DA03A6B01BD7D2C300D40687 /* Frameworks */ = {
			isa = PBXFrameworksBuildPhase;
			buildActionMask = 2147483647;
			files = (
			);
			runOnlyForDeploymentPostprocessing = 0;
		};
/* End PBXFrameworksBuildPhase section */

/* Begin PBXGroup section */
		DA03A6AA1BD7D2C300D40687 = {
			isa = PBXGroup;
			children = (
				DA03A6B51BD7D2C300D40687 /* hope-swift-note */,
				DA03A6B41BD7D2C300D40687 /* Products */,
			);
			sourceTree = "<group>";
		};
		DA03A6B41BD7D2C300D40687 /* Products */ = {
			isa = PBXGroup;
			children = (
				DA03A6B31BD7D2C300D40687 /* hope-swift-note */,
			);
			name = Products;
			sourceTree = "<group>";
		};
		DA03A6B51BD7D2C300D40687 /* hope-swift-note */ = {
			isa = PBXGroup;
			children = (
				DA03A6BD1BD7D3F900D40687 /* AnyInSwift.swift */,
				DA03A6BE1BD7D3F900D40687 /* AssociatedType.swift */,
				DA03A6BF1BD7D3F900D40687 /* Chain.swift */,
				DA03A6C01BD7D3F900D40687 /* ClassCast.swift */,
				DA03A6C11BD7D3F900D40687 /* ClassConstructor.swift */,
				DA03A6C21BD7D3F900D40687 /* ClassExtend.swift */,
				DA03A6C31BD7D3F900D40687 /* ExtensionSwift.swift */,
				DA03A6C41BD7D3F900D40687 /* FieldOfSetGet.swift */,
				DA03A6C51BD7D3F900D40687 /* File.swift */,
				DA03A6C61BD7D3F900D40687 /* InnerClass.swift */,
				DA03A6C71BD7D3F900D40687 /* Protocal.swift */,
				DA03A6C81BD7D3F900D40687 /* Reference.swift */,
				DA03A6C91BD7D3F900D40687 /* StructMutiating.swift */,
				DA03A6CA1BD7D3F900D40687 /* SwiftObject.swift */,
				DA03A6CB1BD7D3F900D40687 /* TypeConstraint.swift */,
				DA03A6B61BD7D2C300D40687 /* main.swift */,
			);
			path = "hope-swift-note";
			sourceTree = "<group>";
		};
/* End PBXGroup section */

/* Begin PBXNativeTarget section */
		DA03A6B21BD7D2C300D40687 /* hope-swift-note */ = {
			isa = PBXNativeTarget;
			buildConfigurationList = DA03A6BA1BD7D2C300D40687 /* Build configuration list for PBXNativeTarget "hope-swift-note" */;
			buildPhases = (
				DA03A6AF1BD7D2C300D40687 /* Sources */,
				DA03A6B01BD7D2C300D40687 /* Frameworks */,
				DA03A6B11BD7D2C300D40687 /* CopyFiles */,
			);
			buildRules = (
			);
			dependencies = (
			);
			name = "hope-swift-note";
			productName = "hope-swift-note";
			productReference = DA03A6B31BD7D2C300D40687 /* hope-swift-note */;
			productType = "com.apple.product-type.tool";
		};
/* End PBXNativeTarget section */

/* Begin PBXProject section */
		DA03A6AB1BD7D2C300D40687 /* Project object */ = {
			isa = PBXProject;
			attributes = {
				LastUpgradeCheck = 0700;
				ORGANIZATIONNAME = hope6537;
				TargetAttributes = {
					DA03A6B21BD7D2C300D40687 = {
						CreatedOnToolsVersion = 7.0.1;
					};
				};
			};
			buildConfigurationList = DA03A6AE1BD7D2C300D40687 /* Build configuration list for PBXProject "hope-swift-note" */;
			compatibilityVersion = "Xcode 3.2";
			developmentRegion = English;
			hasScannedForEncodings = 0;
			knownRegions = (
				en,
			);
			mainGroup = DA03A6AA1BD7D2C300D40687;
			productRefGroup = DA03A6B41BD7D2C300D40687 /* Products */;
			projectDirPath = "";
			projectRoot = "";
			targets = (
				DA03A6B21BD7D2C300D40687 /* hope-swift-note */,
			);
		};
/* End PBXProject section */

/* Begin PBXSourcesBuildPhase section */
		DA03A6AF1BD7D2C300D40687 /* Sources */ = {
			isa = PBXSourcesBuildPhase;
			buildActionMask = 2147483647;
			files = (
				DA03A6B71BD7D2C300D40687 /* main.swift in Sources */,
				DA03A6D61BD7D3F900D40687 /* Protocal.swift in Sources */,
				DA03A6D21BD7D3F900D40687 /* ExtensionSwift.swift in Sources */,
				DA03A6D01BD7D3F900D40687 /* ClassConstructor.swift in Sources */,
				DA03A6D91BD7D3F900D40687 /* SwiftObject.swift in Sources */,
				DA03A6D71BD7D3F900D40687 /* Reference.swift in Sources */,
				DA03A6DA1BD7D3F900D40687 /* TypeConstraint.swift in Sources */,
				DA03A6CE1BD7D3F900D40687 /* Chain.swift in Sources */,
				DA03A6CF1BD7D3F900D40687 /* ClassCast.swift in Sources */,
				DA03A6D41BD7D3F900D40687 /* File.swift in Sources */,
				DA03A6D51BD7D3F900D40687 /* InnerClass.swift in Sources */,
				DA03A6CC1BD7D3F900D40687 /* AnyInSwift.swift in Sources */,
				DA03A6D11BD7D3F900D40687 /* ClassExtend.swift in Sources */,
				DA03A6CD1BD7D3F900D40687 /* AssociatedType.swift in Sources */,
				DA03A6D31BD7D3F900D40687 /* FieldOfSetGet.swift in Sources */,
				DA03A6D81BD7D3F900D40687 /* StructMutiating.swift in Sources */,
			);
			runOnlyForDeploymentPostprocessing = 0;
		};
/* End PBXSourcesBuildPhase section */

/* Begin XCBuildConfiguration section */
		DA03A6B81BD7D2C300D40687 /* Debug */ = {
			isa = XCBuildConfiguration;
			buildSettings = {
				ALWAYS_SEARCH_USER_PATHS = NO;
				CLANG_CXX_LANGUAGE_STANDARD = "gnu++0x";
				CLANG_CXX_LIBRARY = "libc++";
				CLANG_ENABLE_MODULES = YES;
				CLANG_ENABLE_OBJC_ARC = YES;
				CLANG_WARN_BOOL_CONVERSION = YES;
				CLANG_WARN_CONSTANT_CONVERSION = YES;
				CLANG_WARN_DIRECT_OBJC_ISA_USAGE = YES_ERROR;
				CLANG_WARN_EMPTY_BODY = YES;
				CLANG_WARN_ENUM_CONVERSION = YES;
				CLANG_WARN_INT_CONVERSION = YES;
				CLANG_WARN_OBJC_ROOT_CLASS = YES_ERROR;
				CLANG_WARN_UNREACHABLE_CODE = YES;
				CLANG_WARN__DUPLICATE_METHOD_MATCH = YES;
				COPY_PHASE_STRIP = NO;
				DEBUG_INFORMATION_FORMAT = dwarf;
				ENABLE_STRICT_OBJC_MSGSEND = YES;
				ENABLE_TESTABILITY = YES;
				GCC_C_LANGUAGE_STANDARD = gnu99;
				GCC_DYNAMIC_NO_PIC = NO;
				GCC_NO_COMMON_BLOCKS = YES;
				GCC_OPTIMIZATION_LEVEL = 0;
				GCC_PREPROCESSOR_DEFINITIONS = (
					"DEBUG=1",
					"$(inherited)",
				);
				GCC_WARN_64_TO_32_BIT_CONVERSION = YES;
				GCC_WARN_ABOUT_RETURN_TYPE = YES_ERROR;
				GCC_WARN_UNDECLARED_SELECTOR = YES;
				GCC_WARN_UNINITIALIZED_AUTOS = YES_AGGRESSIVE;
				GCC_WARN_UNUSED_FUNCTION = YES;
				GCC_WARN_UNUSED_VARIABLE = YES;
				MACOSX_DEPLOYMENT_TARGET = 10.10;
				MTL_ENABLE_DEBUG_INFO = YES;
				ONLY_ACTIVE_ARCH = YES;
				SDKROOT = macosx;
				SWIFT_OPTIMIZATION_LEVEL = "-Onone";
			};
			name = Debug;
		};
		DA03A6B91BD7D2C300D40687 /* Release */ = {
			isa = XCBuildConfiguration;
			buildSettings = {
				ALWAYS_SEARCH_USER_PATHS = NO;
				CLANG_CXX_LANGUAGE_STANDARD = "gnu++0x";
				CLANG_CXX_LIBRARY = "libc++";
				CLANG_ENABLE_MODULES = YES;
				CLANG_ENABLE_OBJC_ARC = YES;
				CLANG_WARN_BOOL_CONVERSION = YES;
				CLANG_WARN_CONSTANT_CONVERSION = YES;
				CLANG_WARN_DIRECT_OBJC_ISA_USAGE = YES_ERROR;
				CLANG_WARN_EMPTY_BODY = YES;
				CLANG_WARN_ENUM_CONVERSION = YES;
				CLANG_WARN_INT_CONVERSION = YES;
				CLANG_WARN_OBJC_ROOT_CLASS = YES_ERROR;
				CLANG_WARN_UNREACHABLE_CODE = YES;
				CLANG_WARN__DUPLICATE_METHOD_MATCH = YES;
				COPY_PHASE_STRIP = NO;
				DEBUG_INFORMATION_FORMAT = "dwarf-with-dsym";
				ENABLE_NS_ASSERTIONS = NO;
				ENABLE_STRICT_OBJC_MSGSEND = YES;
				GCC_C_LANGUAGE_STANDARD = gnu99;
				GCC_NO_COMMON_BLOCKS = YES;
				GCC_WARN_64_TO_32_BIT_CONVERSION = YES;
				GCC_WARN_ABOUT_RETURN_TYPE = YES_ERROR;
				GCC_WARN_UNDECLARED_SELECTOR = YES;
				GCC_WARN_UNINITIALIZED_AUTOS = YES_AGGRESSIVE;
				GCC_WARN_UNUSED_FUNCTION = YES;
				GCC_WARN_UNUSED_VARIABLE = YES;
				MACOSX_DEPLOYMENT_TARGET = 10.10;
				MTL_ENABLE_DEBUG_INFO = NO;
				SDKROOT = macosx;
			};
			name = Release;
		};
		DA03A6BB1BD7D2C300D40687 /* Debug */ = {
			isa = XCBuildConfiguration;
			buildSettings = {
				PRODUCT_NAME = "$(TARGET_NAME)";
			};
			name = Debug;
		};
		DA03A6BC1BD7D2C300D40687 /* Release */ = {
			isa = XCBuildConfiguration;
			buildSettings = {
				PRODUCT_NAME = "$(TARGET_NAME)";
			};
			name = Release;
		};
/* End XCBuildConfiguration section */

/* Begin XCConfigurationList section */
		DA03A6AE1BD7D2C300D40687 /* Build configuration list for PBXProject "hope-swift-note" */ = {
			isa = XCConfigurationList;
			buildConfigurations = (
				DA03A6B81BD7D2C300D40687 /* Debug */,
				DA03A6B91BD7D2C300D40687 /* Release */,
			);
			defaultConfigurationIsVisible = 0;
			defaultConfigurationName = Release;
		};
		DA03A6BA1BD7D2C300D40687 /* Build configuration list for PBXNativeTarget "hope-swift-note" */ = {
			isa = XCConfigurationList;
			buildConfigurations = (
				DA03A6BB1BD7D2C300D40687 /* Debug */,
				DA03A6BC1BD7D2C300D40687 /* Release */,
			);
			defaultConfigurationIsVisible = 0;
			defaultConfigurationName = Release;
		};
/* End XCConfigurationList section */
	};
	rootObject = DA03A6AB1BD7D2C300D40687 /* Project object */;
}
